
Microsoft Visual Studio Solution File, Format Version 12.00
# Visual Studio Version 16
VisualStudioVersion = 16.0.30413.136
MinimumVisualStudioVersion = 10.0.40219.1
Project("{FAE04EC0-301F-11D3-BF4B-00C04F79EFBC}") = "Listor och Arrayer", "Listor och Arrayer\Listor och Arrayer.csproj", "{EF1EAACF-1BBB-4007-8B27-ADAB676D6B33}"
EndProject
Global
	GlobalSection(SolutionConfigurationPlatforms) = preSolution
		Debug|Any CPU = Debug|Any CPU
		Release|Any CPU = Release|Any CPU
	EndGlobalSection
	GlobalSection(ProjectConfigurationPlatforms) = postSolution
		{EF1EAACF-1BBB-4007-8B27-ADAB676D6B33}.Debug|Any CPU.ActiveCfg = Debug|Any CPU
		{EF1EAACF-1BBB-4007-8B27-ADAB676D6B33}.Debug|Any CPU.Build.0 = Debug|Any CPU
		{EF1EAACF-1BBB-4007-8B27-ADAB676D6B33}.Release|Any CPU.ActiveCfg = Release|Any CPU
		{EF1EAACF-1BBB-4007-8B27-ADAB676D6B33}.Release|Any CPU.Build.0 = Release|Any CPU
	EndGlobalSection
	GlobalSection(SolutionProperties) = preSolution
		HideSolutionNode = FALSE
	EndGlobalSection
	GlobalSection(ExtensibilityGlobals) = postSolution
		SolutionGuid = {83D3C128-14AC-4D07-B80A-A52C97410C20}
	EndGlobalSection
EndGlobal
